
Microsoft Visual Studio Solution File, Format Version 12.00
# Visual Studio Version 17
VisualStudioVersion = 17.1.32407.343
MinimumVisualStudioVersion = 10.0.40219.1
Project("{FAE04EC0-301F-11D3-BF4B-00C04F79EFBC}") = "EmployeePayrollService_ADO.net", "EmployeePayrollService_ADO.net.csproj", "{21B126DE-2E6E-4EF7-BEB6-1E6BA2D816E6}"
EndProject
Global
	GlobalSection(SolutionConfigurationPlatforms) = preSolution
		Debug|Any CPU = Debug|Any CPU
		Release|Any CPU = Release|Any CPU
	EndGlobalSection
	GlobalSection(ProjectConfigurationPlatforms) = postSolution
		{21B126DE-2E6E-4EF7-BEB6-1E6BA2D816E6}.Debug|Any CPU.ActiveCfg = Debug|Any CPU
		{21B126DE-2E6E-4EF7-BEB6-1E6BA2D816E6}.Debug|Any CPU.Build.0 = Debug|Any CPU
		{21B126DE-2E6E-4EF7-BEB6-1E6BA2D816E6}.Release|Any CPU.ActiveCfg = Release|Any CPU
		{21B126DE-2E6E-4EF7-BEB6-1E6BA2D816E6}.Release|Any CPU.Build.0 = Release|Any CPU
	EndGlobalSection
	GlobalSection(SolutionProperties) = preSolution
		HideSolutionNode = FALSE
	EndGlobalSection
	GlobalSection(ExtensibilityGlobals) = postSolution
		SolutionGuid = {1AB0EB3A-1DC1-4809-B2F2-719FE3A27ACB}
	EndGlobalSection
EndGlobal
